{
  "version": 4,
  "terraform_version": "1.3.4",
  "serial": 157,
  "lineage": "e97a7be4-6b22-d35d-c13c-3310bdec72b3",
  "outputs": {
    "api_url": {
      "value": "https://babc9ucpw1.execute-api.us-east-1.amazonaws.com/students_API_GW",
      "type": "string"
    }
  },
  "resources": [
    {
      "mode": "data",
      "type": "archive_file",
      "name": "lambdas_students",
      "provider": "provider[\"registry.terraform.io/hashicorp/archive\"]",
      "instances": [
        {
          "index_key": "delete",
          "schema_version": 0,
          "attributes": {
            "excludes": null,
            "id": "b4eb629fc83d00a99e1f373e69a163ea8ddf0ba7",
            "output_base64sha256": "RANFXJxuYuut7ivBhXncGeaCPvpmh+KUNiGXSdu+6SA=",
            "output_file_mode": null,
            "output_md5": "c6b0bfb934460490a14cac93ed6a6a2a",
            "output_path": "files/delete_lambdas_students.zip",
            "output_sha": "b4eb629fc83d00a99e1f373e69a163ea8ddf0ba7",
            "output_size": 723,
            "source": [],
            "source_content": null,
            "source_content_filename": null,
            "source_dir": null,
            "source_file": "./../lambdas/lambdas_students/delete.js",
            "type": "zip"
          },
          "sensitive_attributes": []
        },
        {
          "index_key": "get",
          "schema_version": 0,
          "attributes": {
            "excludes": null,
            "id": "f1bccadfed4851727f7e7d6c937e191a6711da59",
            "output_base64sha256": "7QgGS05uPZJ5MNE8+1MmiVn5q7h5+mzLwrV5/x1QETk=",
            "output_file_mode": null,
            "output_md5": "9b431e66a1be9c6643a5b8b1dc8b633e",
            "output_path": "files/get_lambdas_students.zip",
            "output_sha": "f1bccadfed4851727f7e7d6c937e191a6711da59",
            "output_size": 652,
            "source": [],
            "source_content": null,
            "source_content_filename": null,
            "source_dir": null,
            "source_file": "./../lambdas/lambdas_students/get.js",
            "type": "zip"
          },
          "sensitive_attributes": []
        },
        {
          "index_key": "post",
          "schema_version": 0,
          "attributes": {
            "excludes": null,
            "id": "d8b54a16b0070adfcb204e65218c09413ff5ff51",
            "output_base64sha256": "hAIzoBOWBYstfG3valYdCAi4+87OG5iwIjXn5fWYSGc=",
            "output_file_mode": null,
            "output_md5": "65f0504a1e56d321da8ec3a9c3974e5e",
            "output_path": "files/post_lambdas_students.zip",
            "output_sha": "d8b54a16b0070adfcb204e65218c09413ff5ff51",
            "output_size": 620,
            "source": [],
            "source_content": null,
            "source_content_filename": null,
            "source_dir": null,
            "source_file": "./../lambdas/lambdas_students/post.js",
            "type": "zip"
          },
          "sensitive_attributes": []
        },
        {
          "index_key": "put",
          "schema_version": 0,
          "attributes": {
            "excludes": null,
            "id": "b319e0327faa516bac3387d2a6ea78a128c84536",
            "output_base64sha256": "mZtWACixo7Ild5bt7YkvsND1GQ3BQXy4qqwdR/X/jLY=",
            "output_file_mode": null,
            "output_md5": "85c7fcf6d61350daa249df26416e05e4",
            "output_path": "files/put_lambdas_students.zip",
            "output_sha": "b319e0327faa516bac3387d2a6ea78a128c84536",
            "output_size": 621,
            "source": [],
            "source_content": null,
            "source_content_filename": null,
            "source_dir": null,
            "source_file": "./../lambdas/lambdas_students/put.js",
            "type": "zip"
          },
          "sensitive_attributes": []
        }
      ]
    },
    {
      "mode": "data",
      "type": "archive_file",
      "name": "utils_layer",
      "provider": "provider[\"registry.terraform.io/hashicorp/archive\"]",
      "instances": [
        {
          "schema_version": 0,
          "attributes": {
            "excludes": null,
            "id": "8b32f4672af45c203e9a80e7c66d95e552660c3c",
            "output_base64sha256": "4B23LU9S4DUKmRJJ4Uw5rBwzKvki1OITccuXtDZNmhw=",
            "output_file_mode": null,
            "output_md5": "b8c76ffffe611837a4289d9ce77052f6",
            "output_path": "files/utils-layer.zip",
            "output_sha": "8b32f4672af45c203e9a80e7c66d95e552660c3c",
            "output_size": 624,
            "source": [],
            "source_content": null,
            "source_content_filename": null,
            "source_dir": "./../lambdas/layers/utils",
            "source_file": null,
            "type": "zip"
          },
          "sensitive_attributes": []
        }
      ]
    },
    {
      "mode": "data",
      "type": "aws_iam_policy_document",
      "name": "create_logs_cloudwatch",
      "provider": "provider[\"registry.terraform.io/hashicorp/aws\"]",
      "instances": [
        {
          "schema_version": 0,
          "attributes": {
            "id": "93033403",
            "json": "{\n  \"Version\": \"2012-10-17\",\n  \"Statement\": [\n    {\n      \"Sid\": \"AllowCreatingLogGroups\",\n      \"Effect\": \"Allow\",\n      \"Action\": \"logs:CreateLogGroup\",\n      \"Resource\": \"arn:aws:logs:*:*:*\"\n    },\n    {\n      \"Sid\": \"AllowWritingLogs\",\n      \"Effect\": \"Allow\",\n      \"Action\": [\n        \"logs:PutLogEvents\",\n        \"logs:CreateLogStream\"\n      ],\n      \"Resource\": \"arn:aws:logs:*:*:log-group:/aws/lambda/*:*\"\n    },\n    {\n      \"Sid\": \"\",\n      \"Effect\": \"Allow\",\n      \"Action\": [\n        \"xray:PutTraceSegments\",\n        \"ssm:DescribeParameters\",\n        \"dynamodb:ListTables\"\n      ],\n      \"Resource\": \"*\"\n    },\n    {\n      \"Sid\": \"\",\n      \"Effect\": \"Allow\",\n      \"Action\": [\n        \"dynamodb:UpdateItem\",\n        \"dynamodb:Scan\",\n        \"dynamodb:Query\",\n        \"dynamodb:PutItem\",\n        \"dynamodb:GetItem\",\n        \"dynamodb:DescribeTable\",\n        \"dynamodb:DeleteItem\"\n      ],\n      \"Resource\": \"arn:aws:dynamodb:us-east-1:510949234351:table/students\"\n    },\n    {\n      \"Sid\": \"\",\n      \"Effect\": \"Allow\",\n      \"Action\": [\n        \"ssm:GetParameters\",\n        \"ssm:GetParameter\"\n      ],\n      \"Resource\": \"arn:aws:ssm:us-east-1:510949234351:parameter/students-dynamodb\"\n    }\n  ]\n}",
            "override_json": null,
            "override_policy_documents": null,
            "policy_id": null,
            "source_json": null,
            "source_policy_documents": null,
            "statement": [
              {
                "actions": [
                  "logs:CreateLogGroup"
                ],
                "condition": [],
                "effect": "Allow",
                "not_actions": [],
                "not_principals": [],
                "not_resources": [],
                "principals": [],
                "resources": [
                  "arn:aws:logs:*:*:*"
                ],
                "sid": "AllowCreatingLogGroups"
              },
              {
                "actions": [
                  "logs:CreateLogStream",
                  "logs:PutLogEvents"
                ],
                "condition": [],
                "effect": "Allow",
                "not_actions": [],
                "not_principals": [],
                "not_resources": [],
                "principals": [],
                "resources": [
                  "arn:aws:logs:*:*:log-group:/aws/lambda/*:*"
                ],
                "sid": "AllowWritingLogs"
              },
              {
                "actions": [
                  "dynamodb:ListTables",
                  "ssm:DescribeParameters",
                  "xray:PutTraceSegments"
                ],
                "condition": [],
                "effect": "Allow",
                "not_actions": [],
                "not_principals": [],
                "not_resources": [],
                "principals": [],
                "resources": [
                  "*"
                ],
                "sid": ""
              },
              {
                "actions": [
                  "dynamodb:DeleteItem",
                  "dynamodb:DescribeTable",
                  "dynamodb:GetItem",
                  "dynamodb:PutItem",
                  "dynamodb:Query",
                  "dynamodb:Scan",
                  "dynamodb:UpdateItem"
                ],
                "condition": [],
                "effect": "Allow",
                "not_actions": [],
                "not_principals": [],
                "not_resources": [],
                "principals": [],
                "resources": [
                  "arn:aws:dynamodb:us-east-1:510949234351:table/students"
                ],
                "sid": ""
              },
              {
                "actions": [
                  "ssm:GetParameter",
                  "ssm:GetParameters"
                ],
                "condition": [],
                "effect": "Allow",
                "not_actions": [],
                "not_principals": [],
                "not_resources": [],
                "principals": [],
                "resources": [
                  "arn:aws:ssm:us-east-1:510949234351:parameter/students-dynamodb"
                ],
                "sid": ""
              }
            ],
            "version": "2012-10-17"
          },
          "sensitive_attributes": []
        }
      ]
    },
    {
      "mode": "data",
      "type": "aws_iam_policy_document",
      "name": "lambda_assume_role",
      "provider": "provider[\"registry.terraform.io/hashicorp/aws\"]",
      "instances": [
        {
          "schema_version": 0,
          "attributes": {
            "id": "601522199",
            "json": "{\n  \"Version\": \"2012-10-17\",\n  \"Statement\": [\n    {\n      \"Sid\": \"\",\n      \"Effect\": \"Allow\",\n      \"Action\": \"sts:AssumeRole\",\n      \"Principal\": {\n        \"Service\": \"lambda.amazonaws.com\"\n      }\n    }\n  ]\n}",
            "override_json": null,
            "override_policy_documents": null,
            "policy_id": null,
            "source_json": null,
            "source_policy_documents": null,
            "statement": [
              {
                "actions": [
                  "sts:AssumeRole"
                ],
                "condition": [],
                "effect": "Allow",
                "not_actions": [],
                "not_principals": [],
                "not_resources": [],
                "principals": [
                  {
                    "identifiers": [
                      "lambda.amazonaws.com"
                    ],
                    "type": "Service"
                  }
                ],
                "resources": [],
                "sid": ""
              }
            ],
            "version": "2012-10-17"
          },
          "sensitive_attributes": []
        }
      ]
    },
    {
      "mode": "managed",
      "type": "aws_apigatewayv2_api",
      "name": "this",
      "provider": "provider[\"registry.terraform.io/hashicorp/aws\"]",
      "instances": [
        {
          "schema_version": 0,
          "attributes": {
            "api_endpoint": "https://babc9ucpw1.execute-api.us-east-1.amazonaws.com",
            "api_key_selection_expression": "$request.header.x-api-key",
            "arn": "arn:aws:apigateway:us-east-1::/apis/babc9ucpw1",
            "body": null,
            "cors_configuration": [],
            "credentials_arn": null,
            "description": "",
            "disable_execute_api_endpoint": false,
            "execution_arn": "arn:aws:execute-api:us-east-1:510949234351:babc9ucpw1",
            "fail_on_warnings": null,
            "id": "babc9ucpw1",
            "name": "students-api",
            "protocol_type": "HTTP",
            "route_key": null,
            "route_selection_expression": "$request.method $request.path",
            "tags": {},
            "tags_all": {
              "CreatedAt": "2022-12-06",
              "Env": "dev",
              "ManagedBy": "Terraform",
              "Owner": "Juan David Herrera Joiro",
              "Project": "API GW + LAMBDA + DYNAMO_DB + TERRAFORM -- IaC"
            },
            "target": null,
            "version": ""
          },
          "sensitive_attributes": [],
          "private": "bnVsbA=="
        }
      ]
    },
    {
      "mode": "managed",
      "type": "aws_apigatewayv2_integration",
      "name": "lambdas_students",
      "provider": "provider[\"registry.terraform.io/hashicorp/aws\"]",
      "instances": [
        {
          "index_key": "delete",
          "schema_version": 0,
          "attributes": {
            "api_id": "babc9ucpw1",
            "connection_id": "",
            "connection_type": "INTERNET",
            "content_handling_strategy": "",
            "credentials_arn": "",
            "description": "",
            "id": "n1ve927",
            "integration_method": "POST",
            "integration_response_selection_expression": "",
            "integration_subtype": "",
            "integration_type": "AWS_PROXY",
            "integration_uri": "arn:aws:apigateway:us-east-1:lambda:path/2015-03-31/functions/arn:aws:lambda:us-east-1:510949234351:function:dynamodb-delete-item/invocations",
            "passthrough_behavior": "",
            "payload_format_version": "2.0",
            "request_parameters": {},
            "request_templates": {},
            "response_parameters": [],
            "template_selection_expression": "",
            "timeout_milliseconds": 30000,
            "tls_config": []
          },
          "sensitive_attributes": [],
          "private": "bnVsbA==",
          "dependencies": [
            "aws_apigatewayv2_api.this",
            "aws_dynamodb_table.this",
            "aws_iam_role.rest_api_role",
            "aws_lambda_function.lambdas_students",
            "aws_lambda_layer_version.utils",
            "aws_ssm_parameter.dynamodb_table",
            "data.archive_file.lambdas_students",
            "data.archive_file.utils_layer",
            "data.aws_iam_policy_document.lambda_assume_role"
          ]
        },
        {
          "index_key": "get",
          "schema_version": 0,
          "attributes": {
            "api_id": "babc9ucpw1",
            "connection_id": "",
            "connection_type": "INTERNET",
            "content_handling_strategy": "",
            "credentials_arn": "",
            "description": "",
            "id": "27ayg82",
            "integration_method": "POST",
            "integration_response_selection_expression": "",
            "integration_subtype": "",
            "integration_type": "AWS_PROXY",
            "integration_uri": "arn:aws:apigateway:us-east-1:lambda:path/2015-03-31/functions/arn:aws:lambda:us-east-1:510949234351:function:dynamodb-get-item/invocations",
            "passthrough_behavior": "",
            "payload_format_version": "2.0",
            "request_parameters": {},
            "request_templates": {},
            "response_parameters": [],
            "template_selection_expression": "",
            "timeout_milliseconds": 30000,
            "tls_config": []
          },
          "sensitive_attributes": [],
          "private": "bnVsbA==",
          "dependencies": [
            "aws_apigatewayv2_api.this",
            "aws_dynamodb_table.this",
            "aws_iam_role.rest_api_role",
            "aws_lambda_function.lambdas_students",
            "aws_lambda_layer_version.utils",
            "aws_ssm_parameter.dynamodb_table",
            "data.archive_file.lambdas_students",
            "data.archive_file.utils_layer",
            "data.aws_iam_policy_document.lambda_assume_role"
          ]
        },
        {
          "index_key": "post",
          "schema_version": 0,
          "attributes": {
            "api_id": "babc9ucpw1",
            "connection_id": "",
            "connection_type": "INTERNET",
            "content_handling_strategy": "",
            "credentials_arn": "",
            "description": "",
            "id": "jib5p1b",
            "integration_method": "POST",
            "integration_response_selection_expression": "",
            "integration_subtype": "",
            "integration_type": "AWS_PROXY",
            "integration_uri": "arn:aws:apigateway:us-east-1:lambda:path/2015-03-31/functions/arn:aws:lambda:us-east-1:510949234351:function:dynamodb-post-item/invocations",
            "passthrough_behavior": "",
            "payload_format_version": "2.0",
            "request_parameters": {},
            "request_templates": {},
            "response_parameters": [],
            "template_selection_expression": "",
            "timeout_milliseconds": 30000,
            "tls_config": []
          },
          "sensitive_attributes": [],
          "private": "bnVsbA==",
          "dependencies": [
            "aws_apigatewayv2_api.this",
            "aws_dynamodb_table.this",
            "aws_iam_role.rest_api_role",
            "aws_lambda_function.lambdas_students",
            "aws_lambda_layer_version.utils",
            "aws_ssm_parameter.dynamodb_table",
            "data.archive_file.lambdas_students",
            "data.archive_file.utils_layer",
            "data.aws_iam_policy_document.lambda_assume_role"
          ]
        },
        {
          "index_key": "put",
          "schema_version": 0,
          "attributes": {
            "api_id": "babc9ucpw1",
            "connection_id": "",
            "connection_type": "INTERNET",
            "content_handling_strategy": "",
            "credentials_arn": "",
            "description": "",
            "id": "2f6pzxe",
            "integration_method": "POST",
            "integration_response_selection_expression": "",
            "integration_subtype": "",
            "integration_type": "AWS_PROXY",
            "integration_uri": "arn:aws:apigateway:us-east-1:lambda:path/2015-03-31/functions/arn:aws:lambda:us-east-1:510949234351:function:dynamodb-put-item/invocations",
            "passthrough_behavior": "",
            "payload_format_version": "2.0",
            "request_parameters": {},
            "request_templates": {},
            "response_parameters": [],
            "template_selection_expression": "",
            "timeout_milliseconds": 30000,
            "tls_config": []
          },
          "sensitive_attributes": [],
          "private": "bnVsbA==",
          "dependencies": [
            "aws_apigatewayv2_api.this",
            "aws_dynamodb_table.this",
            "aws_iam_role.rest_api_role",
            "aws_lambda_function.lambdas_students",
            "aws_lambda_layer_version.utils",
            "aws_ssm_parameter.dynamodb_table",
            "data.archive_file.lambdas_students",
            "data.archive_file.utils_layer",
            "data.aws_iam_policy_document.lambda_assume_role"
          ]
        }
      ]
    },
    {
      "mode": "managed",
      "type": "aws_apigatewayv2_route",
      "name": "lambdas_students",
      "provider": "provider[\"registry.terraform.io/hashicorp/aws\"]",
      "instances": [
        {
          "index_key": "delete",
          "schema_version": 0,
          "attributes": {
            "api_id": "babc9ucpw1",
            "api_key_required": false,
            "authorization_scopes": [],
            "authorization_type": "NONE",
            "authorizer_id": "",
            "id": "96vmw39",
            "model_selection_expression": "",
            "operation_name": "",
            "request_models": {},
            "request_parameter": [],
            "route_key": "DELETE /api/students",
            "route_response_selection_expression": "",
            "target": "integrations/n1ve927"
          },
          "sensitive_attributes": [],
          "private": "bnVsbA==",
          "dependencies": [
            "aws_apigatewayv2_api.this",
            "aws_apigatewayv2_integration.lambdas_students",
            "aws_dynamodb_table.this",
            "aws_iam_role.rest_api_role",
            "aws_lambda_function.lambdas_students",
            "aws_lambda_layer_version.utils",
            "aws_ssm_parameter.dynamodb_table",
            "data.archive_file.lambdas_students",
            "data.archive_file.utils_layer",
            "data.aws_iam_policy_document.lambda_assume_role"
          ]
        },
        {
          "index_key": "get",
          "schema_version": 0,
          "attributes": {
            "api_id": "babc9ucpw1",
            "api_key_required": false,
            "authorization_scopes": [],
            "authorization_type": "NONE",
            "authorizer_id": "",
            "id": "dz3eh2a",
            "model_selection_expression": "",
            "operation_name": "",
            "request_models": {},
            "request_parameter": [],
            "route_key": "GET /api/students",
            "route_response_selection_expression": "",
            "target": "integrations/27ayg82"
          },
          "sensitive_attributes": [],
          "private": "bnVsbA==",
          "dependencies": [
            "aws_apigatewayv2_api.this",
            "aws_apigatewayv2_integration.lambdas_students",
            "aws_dynamodb_table.this",
            "aws_iam_role.rest_api_role",
            "aws_lambda_function.lambdas_students",
            "aws_lambda_layer_version.utils",
            "aws_ssm_parameter.dynamodb_table",
            "data.archive_file.lambdas_students",
            "data.archive_file.utils_layer",
            "data.aws_iam_policy_document.lambda_assume_role"
          ]
        },
        {
          "index_key": "post",
          "schema_version": 0,
          "attributes": {
            "api_id": "babc9ucpw1",
            "api_key_required": false,
            "authorization_scopes": [],
            "authorization_type": "NONE",
            "authorizer_id": "",
            "id": "9kzmz1c",
            "model_selection_expression": "",
            "operation_name": "",
            "request_models": {},
            "request_parameter": [],
            "route_key": "POST /api/students",
            "route_response_selection_expression": "",
            "target": "integrations/jib5p1b"
          },
          "sensitive_attributes": [],
          "private": "bnVsbA==",
          "dependencies": [
            "aws_apigatewayv2_api.this",
            "aws_apigatewayv2_integration.lambdas_students",
            "aws_dynamodb_table.this",
            "aws_iam_role.rest_api_role",
            "aws_lambda_function.lambdas_students",
            "aws_lambda_layer_version.utils",
            "aws_ssm_parameter.dynamodb_table",
            "data.archive_file.lambdas_students",
            "data.archive_file.utils_layer",
            "data.aws_iam_policy_document.lambda_assume_role"
          ]
        },
        {
          "index_key": "put",
          "schema_version": 0,
          "attributes": {
            "api_id": "babc9ucpw1",
            "api_key_required": false,
            "authorization_scopes": [],
            "authorization_type": "NONE",
            "authorizer_id": "",
            "id": "9x7az6c",
            "model_selection_expression": "",
            "operation_name": "",
            "request_models": {},
            "request_parameter": [],
            "route_key": "PUT /api/students",
            "route_response_selection_expression": "",
            "target": "integrations/2f6pzxe"
          },
          "sensitive_attributes": [],
          "private": "bnVsbA==",
          "dependencies": [
            "aws_apigatewayv2_api.this",
            "aws_apigatewayv2_integration.lambdas_students",
            "aws_dynamodb_table.this",
            "aws_iam_role.rest_api_role",
            "aws_lambda_function.lambdas_students",
            "aws_lambda_layer_version.utils",
            "aws_ssm_parameter.dynamodb_table",
            "data.archive_file.lambdas_students",
            "data.archive_file.utils_layer",
            "data.aws_iam_policy_document.lambda_assume_role"
          ]
        }
      ]
    },
    {
      "mode": "managed",
      "type": "aws_apigatewayv2_route",
      "name": "todos_get",
      "provider": "provider[\"registry.terraform.io/hashicorp/aws\"]",
      "instances": [
        {
          "schema_version": 0,
          "attributes": {
            "api_id": "babc9ucpw1",
            "api_key_required": false,
            "authorization_scopes": [],
            "authorization_type": "NONE",
            "authorizer_id": "",
            "id": "i7h1uzc",
            "model_selection_expression": "",
            "operation_name": "",
            "request_models": {},
            "request_parameter": [],
            "route_key": "GET /api/students/{todoId}",
            "route_response_selection_expression": "",
            "target": "integrations/27ayg82"
          },
          "sensitive_attributes": [],
          "private": "bnVsbA==",
          "dependencies": [
            "aws_apigatewayv2_api.this",
            "aws_apigatewayv2_integration.lambdas_students",
            "aws_dynamodb_table.this",
            "aws_iam_role.rest_api_role",
            "aws_lambda_function.lambdas_students",
            "aws_lambda_layer_version.utils",
            "aws_ssm_parameter.dynamodb_table",
            "data.archive_file.lambdas_students",
            "data.archive_file.utils_layer",
            "data.aws_iam_policy_document.lambda_assume_role"
          ]
        }
      ]
    },
    {
      "mode": "managed",
      "type": "aws_apigatewayv2_stage",
      "name": "this",
      "provider": "provider[\"registry.terraform.io/hashicorp/aws\"]",
      "instances": [
        {
          "schema_version": 0,
          "attributes": {
            "access_log_settings": [],
            "api_id": "babc9ucpw1",
            "arn": "arn:aws:apigateway:us-east-1::/apis/babc9ucpw1/stages/students_API_GW",
            "auto_deploy": true,
            "client_certificate_id": "",
            "default_route_settings": [
              {
                "data_trace_enabled": false,
                "detailed_metrics_enabled": false,
                "logging_level": "",
                "throttling_burst_limit": 0,
                "throttling_rate_limit": 0
              }
            ],
            "deployment_id": "w8ve0c",
            "description": "",
            "execution_arn": "arn:aws:execute-api:us-east-1:510949234351:babc9ucpw1/students_API_GW",
            "id": "students_API_GW",
            "invoke_url": "https://babc9ucpw1.execute-api.us-east-1.amazonaws.com/students_API_GW",
            "name": "students_API_GW",
            "route_settings": [],
            "stage_variables": {},
            "tags": {},
            "tags_all": {
              "CreatedAt": "2022-12-06",
              "Env": "dev",
              "ManagedBy": "Terraform",
              "Owner": "Juan David Herrera Joiro",
              "Project": "API GW + LAMBDA + DYNAMO_DB + TERRAFORM -- IaC"
            }
          },
          "sensitive_attributes": [],
          "private": "bnVsbA==",
          "dependencies": [
            "aws_apigatewayv2_api.this"
          ]
        }
      ]
    },
    {
      "mode": "managed",
      "type": "aws_cloudwatch_log_group",
      "name": "this",
      "provider": "provider[\"registry.terraform.io/hashicorp/aws\"]",
      "instances": [
        {
          "index_key": "delete",
          "schema_version": 0,
          "attributes": {
            "arn": "arn:aws:logs:us-east-1:510949234351:log-group:/aws/lamda/dynamodb-delete-item",
            "id": "/aws/lamda/dynamodb-delete-item",
            "kms_key_id": "",
            "name": "/aws/lamda/dynamodb-delete-item",
            "name_prefix": null,
            "retention_in_days": 3,
            "tags": {},
            "tags_all": {
              "CreatedAt": "2022-12-06",
              "Env": "dev",
              "ManagedBy": "Terraform",
              "Owner": "Juan David Herrera Joiro",
              "Project": "API GW + LAMBDA + DYNAMO_DB + TERRAFORM -- IaC"
            }
          },
          "sensitive_attributes": [],
          "private": "bnVsbA==",
          "dependencies": [
            "aws_dynamodb_table.this",
            "aws_iam_role.rest_api_role",
            "aws_lambda_function.lambdas_students",
            "aws_lambda_layer_version.utils",
            "aws_ssm_parameter.dynamodb_table",
            "data.archive_file.lambdas_students",
            "data.archive_file.utils_layer",
            "data.aws_iam_policy_document.lambda_assume_role"
          ]
        },
        {
          "index_key": "get",
          "schema_version": 0,
          "attributes": {
            "arn": "arn:aws:logs:us-east-1:510949234351:log-group:/aws/lamda/dynamodb-get-item",
            "id": "/aws/lamda/dynamodb-get-item",
            "kms_key_id": "",
            "name": "/aws/lamda/dynamodb-get-item",
            "name_prefix": null,
            "retention_in_days": 3,
            "tags": {},
            "tags_all": {
              "CreatedAt": "2022-12-06",
              "Env": "dev",
              "ManagedBy": "Terraform",
              "Owner": "Juan David Herrera Joiro",
              "Project": "API GW + LAMBDA + DYNAMO_DB + TERRAFORM -- IaC"
            }
          },
          "sensitive_attributes": [],
          "private": "bnVsbA==",
          "dependencies": [
            "aws_dynamodb_table.this",
            "aws_iam_role.rest_api_role",
            "aws_lambda_function.lambdas_students",
            "aws_lambda_layer_version.utils",
            "aws_ssm_parameter.dynamodb_table",
            "data.archive_file.lambdas_students",
            "data.archive_file.utils_layer",
            "data.aws_iam_policy_document.lambda_assume_role"
          ]
        },
        {
          "index_key": "post",
          "schema_version": 0,
          "attributes": {
            "arn": "arn:aws:logs:us-east-1:510949234351:log-group:/aws/lamda/dynamodb-post-item",
            "id": "/aws/lamda/dynamodb-post-item",
            "kms_key_id": "",
            "name": "/aws/lamda/dynamodb-post-item",
            "name_prefix": null,
            "retention_in_days": 3,
            "tags": {},
            "tags_all": {
              "CreatedAt": "2022-12-06",
              "Env": "dev",
              "ManagedBy": "Terraform",
              "Owner": "Juan David Herrera Joiro",
              "Project": "API GW + LAMBDA + DYNAMO_DB + TERRAFORM -- IaC"
            }
          },
          "sensitive_attributes": [],
          "private": "bnVsbA==",
          "dependencies": [
            "aws_dynamodb_table.this",
            "aws_iam_role.rest_api_role",
            "aws_lambda_function.lambdas_students",
            "aws_lambda_layer_version.utils",
            "aws_ssm_parameter.dynamodb_table",
            "data.archive_file.lambdas_students",
            "data.archive_file.utils_layer",
            "data.aws_iam_policy_document.lambda_assume_role"
          ]
        },
        {
          "index_key": "put",
          "schema_version": 0,
          "attributes": {
            "arn": "arn:aws:logs:us-east-1:510949234351:log-group:/aws/lamda/dynamodb-put-item",
            "id": "/aws/lamda/dynamodb-put-item",
            "kms_key_id": "",
            "name": "/aws/lamda/dynamodb-put-item",
            "name_prefix": null,
            "retention_in_days": 3,
            "tags": {},
            "tags_all": {
              "CreatedAt": "2022-12-06",
              "Env": "dev",
              "ManagedBy": "Terraform",
              "Owner": "Juan David Herrera Joiro",
              "Project": "API GW + LAMBDA + DYNAMO_DB + TERRAFORM -- IaC"
            }
          },
          "sensitive_attributes": [],
          "private": "bnVsbA==",
          "dependencies": [
            "aws_dynamodb_table.this",
            "aws_iam_role.rest_api_role",
            "aws_lambda_function.lambdas_students",
            "aws_lambda_layer_version.utils",
            "aws_ssm_parameter.dynamodb_table",
            "data.archive_file.lambdas_students",
            "data.archive_file.utils_layer",
            "data.aws_iam_policy_document.lambda_assume_role"
          ]
        }
      ]
    },
    {
      "mode": "managed",
      "type": "aws_dynamodb_table",
      "name": "this",
      "provider": "provider[\"registry.terraform.io/hashicorp/aws\"]",
      "instances": [
        {
          "schema_version": 1,
          "attributes": {
            "arn": "arn:aws:dynamodb:us-east-1:510949234351:table/students",
            "attribute": [
              {
                "name": "id",
                "type": "N"
              }
            ],
            "billing_mode": "PAY_PER_REQUEST",
            "global_secondary_index": [],
            "hash_key": "id",
            "id": "students",
            "local_secondary_index": [],
            "name": "students",
            "point_in_time_recovery": [
              {
                "enabled": false
              }
            ],
            "range_key": null,
            "read_capacity": 0,
            "replica": [],
            "server_side_encryption": [],
            "stream_arn": "",
            "stream_enabled": false,
            "stream_label": "",
            "stream_view_type": "",
            "tags": {},
            "tags_all": {
              "CreatedAt": "2022-12-06",
              "Env": "dev",
              "ManagedBy": "Terraform",
              "Owner": "Juan David Herrera Joiro",
              "Project": "API GW + LAMBDA + DYNAMO_DB + TERRAFORM -- IaC"
            },
            "timeouts": null,
            "ttl": [
              {
                "attribute_name": "",
                "enabled": false,
                "kms_key_arn": ""
              }
            ],
            "write_capacity": 0
          },
          "sensitive_attributes": [],
          "private": "eyJlMmJmYjczMC1lY2FhLTExZTYtOGY4OC0zNDM2M2JjN2M0YzAiOnsiY3JlYXRlIjoxMjAwMDAwMDAwMDAwLCJkZWxldGUiOjYwMDAwMDAwMDAwMCwidXBkYXRlIjozNjAwMDAwMDAwMDAwfSwic2NoZW1hX3ZlcnNpb24iOiIxIn0="
        }
      ]
    },
    {
      "mode": "managed",
      "type": "aws_dynamodb_table_item",
      "name": "this",
      "provider": "provider[\"registry.terraform.io/hashicorp/aws\"]",
      "instances": [
        {
          "schema_version": 0,
          "attributes": {
            "hash_key": "id",
            "id": "students|id|||1",
            "item": "{\"city\":{\"S\":\"Valledupar\"},\"email\":{\"S\":\"juandavidherrera@unicesar.edu.co\"},\"firsName\":{\"S\":\"Juan David\"},\"id\":{\"N\":\"1\"},\"identification\":{\"S\":\"1010002946\"},\"lastName\":{\"S\":\"Herrera Joiro\"},\"note\":{\"N\":\"5\"},\"phone\":{\"S\":\"3186192497\"},\"state\":{\"S\":\"true\"},\"typeID\":{\"S\":\"C.C.\"}}\n",
            "range_key": null,
            "table_name": "students"
          },
          "sensitive_attributes": [],
          "private": "bnVsbA==",
          "dependencies": [
            "aws_dynamodb_table.this"
          ]
        }
      ]
    },
    {
      "mode": "managed",
      "type": "aws_iam_policy",
      "name": "create_logs_cloudwatch",
      "provider": "provider[\"registry.terraform.io/hashicorp/aws\"]",
      "instances": [
        {
          "schema_version": 0,
          "attributes": {
            "arn": "arn:aws:iam::510949234351:policy/students-policy",
            "description": "",
            "id": "arn:aws:iam::510949234351:policy/students-policy",
            "name": "students-policy",
            "name_prefix": null,
            "path": "/",
            "policy": "{\n  \"Version\": \"2012-10-17\",\n  \"Statement\": [\n    {\n      \"Sid\": \"AllowCreatingLogGroups\",\n      \"Effect\": \"Allow\",\n      \"Action\": \"logs:CreateLogGroup\",\n      \"Resource\": \"arn:aws:logs:*:*:*\"\n    },\n    {\n      \"Sid\": \"AllowWritingLogs\",\n      \"Effect\": \"Allow\",\n      \"Action\": [\n        \"logs:PutLogEvents\",\n        \"logs:CreateLogStream\"\n      ],\n      \"Resource\": \"arn:aws:logs:*:*:log-group:/aws/lambda/*:*\"\n    },\n    {\n      \"Sid\": \"\",\n      \"Effect\": \"Allow\",\n      \"Action\": [\n        \"xray:PutTraceSegments\",\n        \"ssm:DescribeParameters\",\n        \"dynamodb:ListTables\"\n      ],\n      \"Resource\": \"*\"\n    },\n    {\n      \"Sid\": \"\",\n      \"Effect\": \"Allow\",\n      \"Action\": [\n        \"dynamodb:UpdateItem\",\n        \"dynamodb:Scan\",\n        \"dynamodb:Query\",\n        \"dynamodb:PutItem\",\n        \"dynamodb:GetItem\",\n        \"dynamodb:DescribeTable\",\n        \"dynamodb:DeleteItem\"\n      ],\n      \"Resource\": \"arn:aws:dynamodb:us-east-1:510949234351:table/students\"\n    },\n    {\n      \"Sid\": \"\",\n      \"Effect\": \"Allow\",\n      \"Action\": [\n        \"ssm:GetParameters\",\n        \"ssm:GetParameter\"\n      ],\n      \"Resource\": \"arn:aws:ssm:us-east-1:510949234351:parameter/students-dynamodb\"\n    }\n  ]\n}",
            "policy_id": "ANPAXN5XSS2XRGBTE36YI",
            "tags": {},
            "tags_all": {
              "CreatedAt": "2022-12-06",
              "Env": "dev",
              "ManagedBy": "Terraform",
              "Owner": "Juan David Herrera Joiro",
              "Project": "API GW + LAMBDA + DYNAMO_DB + TERRAFORM -- IaC"
            }
          },
          "sensitive_attributes": [],
          "private": "bnVsbA==",
          "dependencies": [
            "aws_dynamodb_table.this",
            "aws_ssm_parameter.dynamodb_table",
            "data.aws_iam_policy_document.create_logs_cloudwatch"
          ]
        }
      ]
    },
    {
      "mode": "managed",
      "type": "aws_iam_role",
      "name": "rest_api_role",
      "provider": "provider[\"registry.terraform.io/hashicorp/aws\"]",
      "instances": [
        {
          "schema_version": 0,
          "attributes": {
            "arn": "arn:aws:iam::510949234351:role/students-lambda-role",
            "assume_role_policy": "{\"Version\":\"2012-10-17\",\"Statement\":[{\"Sid\":\"\",\"Effect\":\"Allow\",\"Principal\":{\"Service\":\"lambda.amazonaws.com\"},\"Action\":\"sts:AssumeRole\"}]}",
            "create_date": "2022-12-06T21:57:15Z",
            "description": "",
            "force_detach_policies": false,
            "id": "students-lambda-role",
            "inline_policy": [
              {
                "name": "",
                "policy": ""
              }
            ],
            "managed_policy_arns": [
              "arn:aws:iam::510949234351:policy/students-policy"
            ],
            "max_session_duration": 3600,
            "name": "students-lambda-role",
            "name_prefix": null,
            "path": "/",
            "permissions_boundary": null,
            "tags": {},
            "tags_all": {
              "CreatedAt": "2022-12-06",
              "Env": "dev",
              "ManagedBy": "Terraform",
              "Owner": "Juan David Herrera Joiro",
              "Project": "API GW + LAMBDA + DYNAMO_DB + TERRAFORM -- IaC"
            },
            "unique_id": "AROAXN5XSS2XQJUNUQFQ7"
          },
          "sensitive_attributes": [],
          "private": "bnVsbA==",
          "dependencies": [
            "data.aws_iam_policy_document.lambda_assume_role"
          ]
        }
      ]
    },
    {
      "mode": "managed",
      "type": "aws_iam_role_policy_attachment",
      "name": "cat_api_cloudwatch",
      "provider": "provider[\"registry.terraform.io/hashicorp/aws\"]",
      "instances": [
        {
          "schema_version": 0,
          "attributes": {
            "id": "students-lambda-role-20221206215741145400000001",
            "policy_arn": "arn:aws:iam::510949234351:policy/students-policy",
            "role": "students-lambda-role"
          },
          "sensitive_attributes": [],
          "private": "bnVsbA==",
          "dependencies": [
            "aws_dynamodb_table.this",
            "aws_iam_policy.create_logs_cloudwatch",
            "aws_iam_role.rest_api_role",
            "aws_ssm_parameter.dynamodb_table",
            "data.aws_iam_policy_document.create_logs_cloudwatch",
            "data.aws_iam_policy_document.lambda_assume_role"
          ]
        }
      ]
    },
    {
      "mode": "managed",
      "type": "aws_lambda_function",
      "name": "lambdas_students",
      "provider": "provider[\"registry.terraform.io/hashicorp/aws\"]",
      "instances": [
        {
          "index_key": "delete",
          "schema_version": 0,
          "attributes": {
            "arn": "arn:aws:lambda:us-east-1:510949234351:function:dynamodb-delete-item",
            "code_signing_config_arn": "",
            "dead_letter_config": [],
            "description": "Delete given students",
            "environment": [
              {
                "variables": {
                  "DEBUG": "true",
                  "TABLE": "students-dynamodb"
                }
              }
            ],
            "file_system_config": [],
            "filename": "files/delete_lambdas_students.zip",
            "function_name": "dynamodb-delete-item",
            "handler": "delete.handler",
            "id": "dynamodb-delete-item",
            "image_config": [],
            "image_uri": "",
            "invoke_arn": "arn:aws:apigateway:us-east-1:lambda:path/2015-03-31/functions/arn:aws:lambda:us-east-1:510949234351:function:dynamodb-delete-item/invocations",
            "kms_key_arn": "",
            "last_modified": "2022-12-07T00:15:31.000+0000",
            "layers": [
              "arn:aws:lambda:us-east-1:510949234351:layer:utils-layer:19"
            ],
            "memory_size": 128,
            "package_type": "Zip",
            "publish": false,
            "qualified_arn": "arn:aws:lambda:us-east-1:510949234351:function:dynamodb-delete-item:$LATEST",
            "reserved_concurrent_executions": -1,
            "role": "arn:aws:iam::510949234351:role/students-lambda-role",
            "runtime": "nodejs14.x",
            "s3_bucket": null,
            "s3_key": null,
            "s3_object_version": null,
            "signing_job_arn": "",
            "signing_profile_version_arn": "",
            "source_code_hash": "RANFXJxuYuut7ivBhXncGeaCPvpmh+KUNiGXSdu+6SA=",
            "source_code_size": 723,
            "tags": {},
            "tags_all": {
              "CreatedAt": "2022-12-06",
              "Env": "dev",
              "ManagedBy": "Terraform",
              "Owner": "Juan David Herrera Joiro",
              "Project": "API GW + LAMBDA + DYNAMO_DB + TERRAFORM -- IaC"
            },
            "timeout": 5,
            "timeouts": null,
            "tracing_config": [
              {
                "mode": "Active"
              }
            ],
            "version": "$LATEST",
            "vpc_config": []
          },
          "sensitive_attributes": [],
          "private": "eyJlMmJmYjczMC1lY2FhLTExZTYtOGY4OC0zNDM2M2JjN2M0YzAiOnsiY3JlYXRlIjo2MDAwMDAwMDAwMDB9fQ==",
          "dependencies": [
            "aws_dynamodb_table.this",
            "aws_iam_role.rest_api_role",
            "aws_lambda_layer_version.utils",
            "aws_ssm_parameter.dynamodb_table",
            "data.archive_file.lambdas_students",
            "data.archive_file.utils_layer",
            "data.aws_iam_policy_document.lambda_assume_role"
          ]
        },
        {
          "index_key": "get",
          "schema_version": 0,
          "attributes": {
            "arn": "arn:aws:lambda:us-east-1:510949234351:function:dynamodb-get-item",
            "code_signing_config_arn": "",
            "dead_letter_config": [],
            "description": "Get students",
            "environment": [
              {
                "variables": {
                  "DEBUG": "true",
                  "TABLE": "students-dynamodb"
                }
              }
            ],
            "file_system_config": [],
            "filename": "files/get_lambdas_students.zip",
            "function_name": "dynamodb-get-item",
            "handler": "get.handler",
            "id": "dynamodb-get-item",
            "image_config": [],
            "image_uri": "",
            "invoke_arn": "arn:aws:apigateway:us-east-1:lambda:path/2015-03-31/functions/arn:aws:lambda:us-east-1:510949234351:function:dynamodb-get-item/invocations",
            "kms_key_arn": "",
            "last_modified": "2022-12-06T23:08:06.000+0000",
            "layers": [
              "arn:aws:lambda:us-east-1:510949234351:layer:utils-layer:19"
            ],
            "memory_size": 256,
            "package_type": "Zip",
            "publish": false,
            "qualified_arn": "arn:aws:lambda:us-east-1:510949234351:function:dynamodb-get-item:$LATEST",
            "reserved_concurrent_executions": -1,
            "role": "arn:aws:iam::510949234351:role/students-lambda-role",
            "runtime": "nodejs14.x",
            "s3_bucket": null,
            "s3_key": null,
            "s3_object_version": null,
            "signing_job_arn": "",
            "signing_profile_version_arn": "",
            "source_code_hash": "7QgGS05uPZJ5MNE8+1MmiVn5q7h5+mzLwrV5/x1QETk=",
            "source_code_size": 652,
            "tags": {},
            "tags_all": {
              "CreatedAt": "2022-12-06",
              "Env": "dev",
              "ManagedBy": "Terraform",
              "Owner": "Juan David Herrera Joiro",
              "Project": "API GW + LAMBDA + DYNAMO_DB + TERRAFORM -- IaC"
            },
            "timeout": 10,
            "timeouts": null,
            "tracing_config": [
              {
                "mode": "Active"
              }
            ],
            "version": "$LATEST",
            "vpc_config": []
          },
          "sensitive_attributes": [],
          "private": "eyJlMmJmYjczMC1lY2FhLTExZTYtOGY4OC0zNDM2M2JjN2M0YzAiOnsiY3JlYXRlIjo2MDAwMDAwMDAwMDB9fQ==",
          "dependencies": [
            "aws_dynamodb_table.this",
            "aws_iam_role.rest_api_role",
            "aws_lambda_layer_version.utils",
            "aws_ssm_parameter.dynamodb_table",
            "data.archive_file.lambdas_students",
            "data.archive_file.utils_layer",
            "data.aws_iam_policy_document.lambda_assume_role"
          ]
        },
        {
          "index_key": "post",
          "schema_version": 0,
          "attributes": {
            "arn": "arn:aws:lambda:us-east-1:510949234351:function:dynamodb-post-item",
            "code_signing_config_arn": "",
            "dead_letter_config": [],
            "description": "Create new students",
            "environment": [
              {
                "variables": {
                  "DEBUG": "true",
                  "TABLE": "students-dynamodb"
                }
              }
            ],
            "file_system_config": [],
            "filename": "files/post_lambdas_students.zip",
            "function_name": "dynamodb-post-item",
            "handler": "post.handler",
            "id": "dynamodb-post-item",
            "image_config": [],
            "image_uri": "",
            "invoke_arn": "arn:aws:apigateway:us-east-1:lambda:path/2015-03-31/functions/arn:aws:lambda:us-east-1:510949234351:function:dynamodb-post-item/invocations",
            "kms_key_arn": "",
            "last_modified": "2022-12-06T21:58:51.254+0000",
            "layers": [
              "arn:aws:lambda:us-east-1:510949234351:layer:utils-layer:19"
            ],
            "memory_size": 128,
            "package_type": "Zip",
            "publish": false,
            "qualified_arn": "arn:aws:lambda:us-east-1:510949234351:function:dynamodb-post-item:$LATEST",
            "reserved_concurrent_executions": -1,
            "role": "arn:aws:iam::510949234351:role/students-lambda-role",
            "runtime": "nodejs14.x",
            "s3_bucket": null,
            "s3_key": null,
            "s3_object_version": null,
            "signing_job_arn": "",
            "signing_profile_version_arn": "",
            "source_code_hash": "hAIzoBOWBYstfG3valYdCAi4+87OG5iwIjXn5fWYSGc=",
            "source_code_size": 620,
            "tags": {},
            "tags_all": {
              "CreatedAt": "2022-12-06",
              "Env": "dev",
              "ManagedBy": "Terraform",
              "Owner": "Juan David Herrera Joiro",
              "Project": "API GW + LAMBDA + DYNAMO_DB + TERRAFORM -- IaC"
            },
            "timeout": 5,
            "timeouts": null,
            "tracing_config": [
              {
                "mode": "Active"
              }
            ],
            "version": "$LATEST",
            "vpc_config": []
          },
          "sensitive_attributes": [],
          "private": "eyJlMmJmYjczMC1lY2FhLTExZTYtOGY4OC0zNDM2M2JjN2M0YzAiOnsiY3JlYXRlIjo2MDAwMDAwMDAwMDB9fQ==",
          "dependencies": [
            "aws_dynamodb_table.this",
            "aws_iam_role.rest_api_role",
            "aws_lambda_layer_version.utils",
            "aws_ssm_parameter.dynamodb_table",
            "data.archive_file.lambdas_students",
            "data.archive_file.utils_layer",
            "data.aws_iam_policy_document.lambda_assume_role"
          ]
        },
        {
          "index_key": "put",
          "schema_version": 0,
          "attributes": {
            "arn": "arn:aws:lambda:us-east-1:510949234351:function:dynamodb-put-item",
            "code_signing_config_arn": "",
            "dead_letter_config": [],
            "description": "Update given students",
            "environment": [
              {
                "variables": {
                  "DEBUG": "true",
                  "TABLE": "students-dynamodb"
                }
              }
            ],
            "file_system_config": [],
            "filename": "files/put_lambdas_students.zip",
            "function_name": "dynamodb-put-item",
            "handler": "put.handler",
            "id": "dynamodb-put-item",
            "image_config": [],
            "image_uri": "",
            "invoke_arn": "arn:aws:apigateway:us-east-1:lambda:path/2015-03-31/functions/arn:aws:lambda:us-east-1:510949234351:function:dynamodb-put-item/invocations",
            "kms_key_arn": "",
            "last_modified": "2022-12-07T01:11:00.000+0000",
            "layers": [
              "arn:aws:lambda:us-east-1:510949234351:layer:utils-layer:19"
            ],
            "memory_size": 128,
            "package_type": "Zip",
            "publish": false,
            "qualified_arn": "arn:aws:lambda:us-east-1:510949234351:function:dynamodb-put-item:$LATEST",
            "reserved_concurrent_executions": -1,
            "role": "arn:aws:iam::510949234351:role/students-lambda-role",
            "runtime": "nodejs14.x",
            "s3_bucket": null,
            "s3_key": null,
            "s3_object_version": null,
            "signing_job_arn": "",
            "signing_profile_version_arn": "",
            "source_code_hash": "mZtWACixo7Ild5bt7YkvsND1GQ3BQXy4qqwdR/X/jLY=",
            "source_code_size": 621,
            "tags": {},
            "tags_all": {
              "CreatedAt": "2022-12-06",
              "Env": "dev",
              "ManagedBy": "Terraform",
              "Owner": "Juan David Herrera Joiro",
              "Project": "API GW + LAMBDA + DYNAMO_DB + TERRAFORM -- IaC"
            },
            "timeout": 5,
            "timeouts": null,
            "tracing_config": [
              {
                "mode": "Active"
              }
            ],
            "version": "$LATEST",
            "vpc_config": []
          },
          "sensitive_attributes": [],
          "private": "eyJlMmJmYjczMC1lY2FhLTExZTYtOGY4OC0zNDM2M2JjN2M0YzAiOnsiY3JlYXRlIjo2MDAwMDAwMDAwMDB9fQ==",
          "dependencies": [
            "aws_iam_role.rest_api_role",
            "aws_lambda_layer_version.utils",
            "aws_ssm_parameter.dynamodb_table",
            "data.archive_file.lambdas_students"
          ]
        }
      ]
    },
    {
      "mode": "managed",
      "type": "aws_lambda_layer_version",
      "name": "utils",
      "provider": "provider[\"registry.terraform.io/hashicorp/aws\"]",
      "instances": [
        {
          "schema_version": 0,
          "attributes": {
            "arn": "arn:aws:lambda:us-east-1:510949234351:layer:utils-layer:19",
            "compatible_runtimes": [
              "nodejs14.x"
            ],
            "created_date": "2022-12-06T21:57:18.937+0000",
            "description": "Utils for response and event normalization",
            "filename": "files/utils-layer.zip",
            "id": "arn:aws:lambda:us-east-1:510949234351:layer:utils-layer:19",
            "layer_arn": "arn:aws:lambda:us-east-1:510949234351:layer:utils-layer",
            "layer_name": "utils-layer",
            "license_info": "",
            "s3_bucket": null,
            "s3_key": null,
            "s3_object_version": null,
            "signing_job_arn": "",
            "signing_profile_version_arn": "",
            "source_code_hash": "4B23LU9S4DUKmRJJ4Uw5rBwzKvki1OITccuXtDZNmhw=",
            "source_code_size": 624,
            "version": "19"
          },
          "sensitive_attributes": [],
          "private": "bnVsbA==",
          "dependencies": [
            "data.archive_file.utils_layer"
          ]
        }
      ]
    },
    {
      "mode": "managed",
      "type": "aws_lambda_permission",
      "name": "api",
      "provider": "provider[\"registry.terraform.io/hashicorp/aws\"]",
      "instances": [
        {
          "index_key": "delete",
          "schema_version": 0,
          "attributes": {
            "action": "lambda:InvokeFunction",
            "event_source_token": null,
            "function_name": "arn:aws:lambda:us-east-1:510949234351:function:dynamodb-delete-item",
            "id": "terraform-20221206215851130800000002",
            "principal": "apigateway.amazonaws.com",
            "qualifier": "",
            "source_account": null,
            "source_arn": "arn:aws:execute-api:us-east-1:510949234351:*/*",
            "statement_id": "terraform-20221206215851130800000002",
            "statement_id_prefix": null
          },
          "sensitive_attributes": [],
          "private": "bnVsbA==",
          "dependencies": [
            "aws_dynamodb_table.this",
            "aws_iam_role.rest_api_role",
            "aws_lambda_function.lambdas_students",
            "aws_lambda_layer_version.utils",
            "aws_ssm_parameter.dynamodb_table",
            "data.archive_file.lambdas_students",
            "data.archive_file.utils_layer",
            "data.aws_iam_policy_document.lambda_assume_role"
          ]
        },
        {
          "index_key": "get",
          "schema_version": 0,
          "attributes": {
            "action": "lambda:InvokeFunction",
            "event_source_token": null,
            "function_name": "arn:aws:lambda:us-east-1:510949234351:function:dynamodb-get-item",
            "id": "terraform-20221206215851135000000005",
            "principal": "apigateway.amazonaws.com",
            "qualifier": "",
            "source_account": null,
            "source_arn": "arn:aws:execute-api:us-east-1:510949234351:*/*",
            "statement_id": "terraform-20221206215851135000000005",
            "statement_id_prefix": null
          },
          "sensitive_attributes": [],
          "private": "bnVsbA==",
          "dependencies": [
            "aws_dynamodb_table.this",
            "aws_iam_role.rest_api_role",
            "aws_lambda_function.lambdas_students",
            "aws_lambda_layer_version.utils",
            "aws_ssm_parameter.dynamodb_table",
            "data.archive_file.lambdas_students",
            "data.archive_file.utils_layer",
            "data.aws_iam_policy_document.lambda_assume_role"
          ]
        },
        {
          "index_key": "post",
          "schema_version": 0,
          "attributes": {
            "action": "lambda:InvokeFunction",
            "event_source_token": null,
            "function_name": "arn:aws:lambda:us-east-1:510949234351:function:dynamodb-post-item",
            "id": "terraform-20221206215851130800000003",
            "principal": "apigateway.amazonaws.com",
            "qualifier": "",
            "source_account": null,
            "source_arn": "arn:aws:execute-api:us-east-1:510949234351:*/*",
            "statement_id": "terraform-20221206215851130800000003",
            "statement_id_prefix": null
          },
          "sensitive_attributes": [],
          "private": "bnVsbA==",
          "dependencies": [
            "aws_dynamodb_table.this",
            "aws_iam_role.rest_api_role",
            "aws_lambda_function.lambdas_students",
            "aws_lambda_layer_version.utils",
            "aws_ssm_parameter.dynamodb_table",
            "data.archive_file.lambdas_students",
            "data.archive_file.utils_layer",
            "data.aws_iam_policy_document.lambda_assume_role"
          ]
        },
        {
          "index_key": "put",
          "schema_version": 0,
          "attributes": {
            "action": "lambda:InvokeFunction",
            "event_source_token": null,
            "function_name": "arn:aws:lambda:us-east-1:510949234351:function:dynamodb-put-item",
            "id": "terraform-20221206215851135000000004",
            "principal": "apigateway.amazonaws.com",
            "qualifier": "",
            "source_account": null,
            "source_arn": "arn:aws:execute-api:us-east-1:510949234351:*/*",
            "statement_id": "terraform-20221206215851135000000004",
            "statement_id_prefix": null
          },
          "sensitive_attributes": [],
          "private": "bnVsbA==",
          "dependencies": [
            "aws_dynamodb_table.this",
            "aws_iam_role.rest_api_role",
            "aws_lambda_function.lambdas_students",
            "aws_lambda_layer_version.utils",
            "aws_ssm_parameter.dynamodb_table",
            "data.archive_file.lambdas_students",
            "data.archive_file.utils_layer",
            "data.aws_iam_policy_document.lambda_assume_role"
          ]
        }
      ]
    },
    {
      "mode": "managed",
      "type": "aws_ssm_parameter",
      "name": "dynamodb_table",
      "provider": "provider[\"registry.terraform.io/hashicorp/aws\"]",
      "instances": [
        {
          "schema_version": 0,
          "attributes": {
            "allowed_pattern": "",
            "arn": "arn:aws:ssm:us-east-1:510949234351:parameter/students-dynamodb",
            "data_type": "text",
            "description": "",
            "id": "students-dynamodb",
            "key_id": "",
            "name": "students-dynamodb",
            "overwrite": null,
            "tags": {},
            "tags_all": {
              "CreatedAt": "2022-12-06",
              "Env": "dev",
              "ManagedBy": "Terraform",
              "Owner": "Juan David Herrera Joiro",
              "Project": "API GW + LAMBDA + DYNAMO_DB + TERRAFORM -- IaC"
            },
            "tier": "Standard",
            "type": "String",
            "value": "students",
            "version": 1
          },
          "sensitive_attributes": [],
          "private": "bnVsbA==",
          "dependencies": [
            "aws_dynamodb_table.this"
          ]
        }
      ]
    }
  ],
  "check_results": null
}
